// !$*UTF8*$!
{
	archiveVersion = 1;
	classes = {
	};
	objectVersion = 46;
	objects = {

/* Begin PBXBuildFile section */
		1E5B2CE8D67991188FF27F30 /* Pods_ResteurantPos.framework in Frameworks */ = {isa = PBXBuildFile; fileRef = 77F57B6475FAB7CB4B08AA8E /* Pods_ResteurantPos.framework */; };
		6506EC2A1C72523900208E47 /* AppDelegate.swift in Sources */ = {isa = PBXBuildFile; fileRef = 6506EC291C72523900208E47 /* AppDelegate.swift */; };
		6506EC2F1C72523900208E47 /* Main.storyboard in Resources */ = {isa = PBXBuildFile; fileRef = 6506EC2D1C72523900208E47 /* Main.storyboard */; };
		6506EC321C72523900208E47 /* ResteurantPos.xcdatamodeld in Sources */ = {isa = PBXBuildFile; fileRef = 6506EC301C72523900208E47 /* ResteurantPos.xcdatamodeld */; };
		6506EC341C72523900208E47 /* Assets.xcassets in Resources */ = {isa = PBXBuildFile; fileRef = 6506EC331C72523900208E47 /* Assets.xcassets */; };
		6506EC371C72523900208E47 /* LaunchScreen.storyboard in Resources */ = {isa = PBXBuildFile; fileRef = 6506EC351C72523900208E47 /* LaunchScreen.storyboard */; };
		6506EC421C72523900208E47 /* ResteurantPosTests.swift in Sources */ = {isa = PBXBuildFile; fileRef = 6506EC411C72523900208E47 /* ResteurantPosTests.swift */; };
		6506EC4D1C72523900208E47 /* ResteurantPosUITests.swift in Sources */ = {isa = PBXBuildFile; fileRef = 6506EC4C1C72523900208E47 /* ResteurantPosUITests.swift */; };
		6506EC5B1C7257FB00208E47 /* MenuTableViewController.swift in Sources */ = {isa = PBXBuildFile; fileRef = 6506EC5A1C7257FB00208E47 /* MenuTableViewController.swift */; };
		6506EC651C725E1800208E47 /* EditViewController.swift in Sources */ = {isa = PBXBuildFile; fileRef = 6506EC641C725E1800208E47 /* EditViewController.swift */; };
		6545D88B1C876ECD004B5D5B /* Employee+CoreDataProperties.swift in Sources */ = {isa = PBXBuildFile; fileRef = 6545D8891C876ECD004B5D5B /* Employee+CoreDataProperties.swift */; };
		6545D88C1C876ECD004B5D5B /* Employee.swift in Sources */ = {isa = PBXBuildFile; fileRef = 6545D88A1C876ECD004B5D5B /* Employee.swift */; };
		6545D88F1C87771C004B5D5B /* EmployeeTableViewController.swift in Sources */ = {isa = PBXBuildFile; fileRef = 6545D88E1C87771C004B5D5B /* EmployeeTableViewController.swift */; };
		6545D8921C87BC39004B5D5B /* EditEmployeeViewController.swift in Sources */ = {isa = PBXBuildFile; fileRef = 6545D8911C87BC39004B5D5B /* EditEmployeeViewController.swift */; };
		6545D8951C88A1A1004B5D5B /* Table+CoreDataProperties.swift in Sources */ = {isa = PBXBuildFile; fileRef = 6545D8931C88A1A1004B5D5B /* Table+CoreDataProperties.swift */; };
		6545D8961C88A1A1004B5D5B /* Table.swift in Sources */ = {isa = PBXBuildFile; fileRef = 6545D8941C88A1A1004B5D5B /* Table.swift */; };
		655B59171C7E7C9600D3D72A /* Dish+CoreDataProperties.swift in Sources */ = {isa = PBXBuildFile; fileRef = 655B59131C7E7C9600D3D72A /* Dish+CoreDataProperties.swift */; };
		655B59181C7E7C9600D3D72A /* Dish.swift in Sources */ = {isa = PBXBuildFile; fileRef = 655B59141C7E7C9600D3D72A /* Dish.swift */; };
		655B59191C7E7C9600D3D72A /* Ticket+CoreDataProperties.swift in Sources */ = {isa = PBXBuildFile; fileRef = 655B59151C7E7C9600D3D72A /* Ticket+CoreDataProperties.swift */; };
		655B591A1C7E7C9600D3D72A /* Ticket.swift in Sources */ = {isa = PBXBuildFile; fileRef = 655B59161C7E7C9600D3D72A /* Ticket.swift */; };
		655B591E1C7FF95B00D3D72A /* DiningTableTableViewController.swift in Sources */ = {isa = PBXBuildFile; fileRef = 655B591D1C7FF95B00D3D72A /* DiningTableTableViewController.swift */; };
		655B59201C7FF97100D3D72A /* CheckTableViewController.swift in Sources */ = {isa = PBXBuildFile; fileRef = 655B591F1C7FF97100D3D72A /* CheckTableViewController.swift */; };
		65B0D6F91C8255C10057C077 /* SignUpViewController.swift in Sources */ = {isa = PBXBuildFile; fileRef = 65B0D6F81C8255C10057C077 /* SignUpViewController.swift */; };
		65B7316D1C7930840071D42C /* TesseractOCR.framework in Frameworks */ = {isa = PBXBuildFile; fileRef = 65B7316C1C7930840071D42C /* TesseractOCR.framework */; };
		65B7316F1C79308F0071D42C /* tessdata in Resources */ = {isa = PBXBuildFile; fileRef = 65B7316E1C79308F0071D42C /* tessdata */; };
		65B731711C7930AF0071D42C /* libstdc++.tbd in Frameworks */ = {isa = PBXBuildFile; fileRef = 65B731701C7930AF0071D42C /* libstdc++.tbd */; };
		65B731731C79310A0071D42C /* libstdc++.6.0.9.tbd in Frameworks */ = {isa = PBXBuildFile; fileRef = 65B731721C79310A0071D42C /* libstdc++.6.0.9.tbd */; };
		65B731751C7931140071D42C /* CoreImage.framework in Frameworks */ = {isa = PBXBuildFile; fileRef = 65B731741C7931140071D42C /* CoreImage.framework */; };
		65B7317B1C7A0BD10071D42C /* ScanViewController.swift in Sources */ = {isa = PBXBuildFile; fileRef = 65B7317A1C7A0BD10071D42C /* ScanViewController.swift */; };
		65B731831C7AE7D00071D42C /* KeyboardViewController.swift in Sources */ = {isa = PBXBuildFile; fileRef = 65B731821C7AE7D00071D42C /* KeyboardViewController.swift */; };
		65B731871C7AE7D00071D42C /* CustomKeyboard.appex in Embed App Extensions */ = {isa = PBXBuildFile; fileRef = 65B731801C7AE7D00071D42C /* CustomKeyboard.appex */; settings = {ATTRIBUTES = (RemoveHeadersOnCopy, ); }; };
		65CDD3DA1C80260500E066CC /* UserSettingsViewController.swift in Sources */ = {isa = PBXBuildFile; fileRef = 65CDD3D91C80260500E066CC /* UserSettingsViewController.swift */; };
/* End PBXBuildFile section */

/* Begin PBXContainerItemProxy section */
		6506EC3E1C72523900208E47 /* PBXContainerItemProxy */ = {
			isa = PBXContainerItemProxy;
			containerPortal = 6506EC1E1C72523900208E47 /* Project object */;
			proxyType = 1;
			remoteGlobalIDString = 6506EC251C72523900208E47;
			remoteInfo = ResteurantPos;
		};
		6506EC491C72523900208E47 /* PBXContainerItemProxy */ = {
			isa = PBXContainerItemProxy;
			containerPortal = 6506EC1E1C72523900208E47 /* Project object */;
			proxyType = 1;
			remoteGlobalIDString = 6506EC251C72523900208E47;
			remoteInfo = ResteurantPos;
		};
		65B731851C7AE7D00071D42C /* PBXContainerItemProxy */ = {
			isa = PBXContainerItemProxy;
			containerPortal = 6506EC1E1C72523900208E47 /* Project object */;
			proxyType = 1;
			remoteGlobalIDString = 65B7317F1C7AE7D00071D42C;
			remoteInfo = CustomKeyboard;
		};
/* End PBXContainerItemProxy section */

/* Begin PBXCopyFilesBuildPhase section */
		65B7318B1C7AE7D00071D42C /* Embed App Extensions */ = {
			isa = PBXCopyFilesBuildPhase;
			buildActionMask = 2147483647;
			dstPath = "";
			dstSubfolderSpec = 13;
			files = (
				65B731871C7AE7D00071D42C /* CustomKeyboard.appex in Embed App Extensions */,
			);
			name = "Embed App Extensions";
			runOnlyForDeploymentPostprocessing = 0;
		};
/* End PBXCopyFilesBuildPhase section */

/* Begin PBXFileReference section */
		462438A10CC5669272C50E51 /* Pods-ResteurantPos.debug.xcconfig */ = {isa = PBXFileReference; includeInIndex = 1; lastKnownFileType = text.xcconfig; name = "Pods-ResteurantPos.debug.xcconfig"; path = "Pods/Target Support Files/Pods-ResteurantPos/Pods-ResteurantPos.debug.xcconfig"; sourceTree = "<group>"; };
		6506EC261C72523900208E47 /* ResteurantPos.app */ = {isa = PBXFileReference; explicitFileType = wrapper.application; includeInIndex = 0; path = ResteurantPos.app; sourceTree = BUILT_PRODUCTS_DIR; };
		6506EC291C72523900208E47 /* AppDelegate.swift */ = {isa = PBXFileReference; lastKnownFileType = sourcecode.swift; path = AppDelegate.swift; sourceTree = "<group>"; };
		6506EC2E1C72523900208E47 /* Base */ = {isa = PBXFileReference; lastKnownFileType = file.storyboard; name = Base; path = Base.lproj/Main.storyboard; sourceTree = "<group>"; };
		6506EC311C72523900208E47 /* ResteurantPos.xcdatamodel */ = {isa = PBXFileReference; lastKnownFileType = wrapper.xcdatamodel; path = ResteurantPos.xcdatamodel; sourceTree = "<group>"; };
		6506EC331C72523900208E47 /* Assets.xcassets */ = {isa = PBXFileReference; lastKnownFileType = folder.assetcatalog; path = Assets.xcassets; sourceTree = "<group>"; };
		6506EC361C72523900208E47 /* Base */ = {isa = PBXFileReference; lastKnownFileType = file.storyboard; name = Base; path = Base.lproj/LaunchScreen.storyboard; sourceTree = "<group>"; };
		6506EC381C72523900208E47 /* Info.plist */ = {isa = PBXFileReference; lastKnownFileType = text.plist.xml; path = Info.plist; sourceTree = "<group>"; };
		6506EC3D1C72523900208E47 /* ResteurantPosTests.xctest */ = {isa = PBXFileReference; explicitFileType = wrapper.cfbundle; includeInIndex = 0; path = ResteurantPosTests.xctest; sourceTree = BUILT_PRODUCTS_DIR; };
		6506EC411C72523900208E47 /* ResteurantPosTests.swift */ = {isa = PBXFileReference; lastKnownFileType = sourcecode.swift; path = ResteurantPosTests.swift; sourceTree = "<group>"; };
		6506EC431C72523900208E47 /* Info.plist */ = {isa = PBXFileReference; lastKnownFileType = text.plist.xml; path = Info.plist; sourceTree = "<group>"; };
		6506EC481C72523900208E47 /* ResteurantPosUITests.xctest */ = {isa = PBXFileReference; explicitFileType = wrapper.cfbundle; includeInIndex = 0; path = ResteurantPosUITests.xctest; sourceTree = BUILT_PRODUCTS_DIR; };
		6506EC4C1C72523900208E47 /* ResteurantPosUITests.swift */ = {isa = PBXFileReference; lastKnownFileType = sourcecode.swift; path = ResteurantPosUITests.swift; sourceTree = "<group>"; };
		6506EC4E1C72523900208E47 /* Info.plist */ = {isa = PBXFileReference; lastKnownFileType = text.plist.xml; path = Info.plist; sourceTree = "<group>"; };
		6506EC5A1C7257FB00208E47 /* MenuTableViewController.swift */ = {isa = PBXFileReference; fileEncoding = 4; lastKnownFileType = sourcecode.swift; path = MenuTableViewController.swift; sourceTree = "<group>"; };
		6506EC641C725E1800208E47 /* EditViewController.swift */ = {isa = PBXFileReference; fileEncoding = 4; lastKnownFileType = sourcecode.swift; path = EditViewController.swift; sourceTree = "<group>"; };
		6506EC661C72705200208E47 /* ResteurantPos 2.xcdatamodel */ = {isa = PBXFileReference; lastKnownFileType = wrapper.xcdatamodel; path = "ResteurantPos 2.xcdatamodel"; sourceTree = "<group>"; };
		6506EC6C1C7284C100208E47 /* ResteurantPos 3.xcdatamodel */ = {isa = PBXFileReference; lastKnownFileType = wrapper.xcdatamodel; path = "ResteurantPos 3.xcdatamodel"; sourceTree = "<group>"; };
		6545D8891C876ECD004B5D5B /* Employee+CoreDataProperties.swift */ = {isa = PBXFileReference; fileEncoding = 4; lastKnownFileType = sourcecode.swift; path = "Employee+CoreDataProperties.swift"; sourceTree = "<group>"; };
		6545D88A1C876ECD004B5D5B /* Employee.swift */ = {isa = PBXFileReference; fileEncoding = 4; lastKnownFileType = sourcecode.swift; path = Employee.swift; sourceTree = "<group>"; };
		6545D88E1C87771C004B5D5B /* EmployeeTableViewController.swift */ = {isa = PBXFileReference; fileEncoding = 4; lastKnownFileType = sourcecode.swift; path = EmployeeTableViewController.swift; sourceTree = "<group>"; };
		6545D8911C87BC39004B5D5B /* EditEmployeeViewController.swift */ = {isa = PBXFileReference; fileEncoding = 4; lastKnownFileType = sourcecode.swift; path = EditEmployeeViewController.swift; sourceTree = "<group>"; };
		6545D8931C88A1A1004B5D5B /* Table+CoreDataProperties.swift */ = {isa = PBXFileReference; fileEncoding = 4; lastKnownFileType = sourcecode.swift; name = "Table+CoreDataProperties.swift"; path = "../Table+CoreDataProperties.swift"; sourceTree = "<group>"; };
		6545D8941C88A1A1004B5D5B /* Table.swift */ = {isa = PBXFileReference; fileEncoding = 4; lastKnownFileType = sourcecode.swift; name = Table.swift; path = ../Table.swift; sourceTree = "<group>"; };
		655B59131C7E7C9600D3D72A /* Dish+CoreDataProperties.swift */ = {isa = PBXFileReference; fileEncoding = 4; lastKnownFileType = sourcecode.swift; path = "Dish+CoreDataProperties.swift"; sourceTree = "<group>"; };
		655B59141C7E7C9600D3D72A /* Dish.swift */ = {isa = PBXFileReference; fileEncoding = 4; lastKnownFileType = sourcecode.swift; path = Dish.swift; sourceTree = "<group>"; };
		655B59151C7E7C9600D3D72A /* Ticket+CoreDataProperties.swift */ = {isa = PBXFileReference; fileEncoding = 4; lastKnownFileType = sourcecode.swift; path = "Ticket+CoreDataProperties.swift"; sourceTree = "<group>"; };
		655B59161C7E7C9600D3D72A /* Ticket.swift */ = {isa = PBXFileReference; fileEncoding = 4; lastKnownFileType = sourcecode.swift; path = Ticket.swift; sourceTree = "<group>"; };
		655B591D1C7FF95B00D3D72A /* DiningTableTableViewController.swift */ = {isa = PBXFileReference; fileEncoding = 4; lastKnownFileType = sourcecode.swift; path = DiningTableTableViewController.swift; sourceTree = "<group>"; };
		655B591F1C7FF97100D3D72A /* CheckTableViewController.swift */ = {isa = PBXFileReference; fileEncoding = 4; lastKnownFileType = sourcecode.swift; path = CheckTableViewController.swift; sourceTree = "<group>"; };
		65B0D6F81C8255C10057C077 /* SignUpViewController.swift */ = {isa = PBXFileReference; fileEncoding = 4; lastKnownFileType = sourcecode.swift; path = SignUpViewController.swift; sourceTree = "<group>"; };
		65B7316C1C7930840071D42C /* TesseractOCR.framework */ = {isa = PBXFileReference; lastKnownFileType = wrapper.framework; path = TesseractOCR.framework; sourceTree = "<group>"; };
		65B7316E1C79308F0071D42C /* tessdata */ = {isa = PBXFileReference; lastKnownFileType = folder; path = tessdata; sourceTree = "<group>"; };
		65B731701C7930AF0071D42C /* libstdc++.tbd */ = {isa = PBXFileReference; lastKnownFileType = "sourcecode.text-based-dylib-definition"; name = "libstdc++.tbd"; path = "usr/lib/libstdc++.tbd"; sourceTree = SDKROOT; };
		65B731721C79310A0071D42C /* libstdc++.6.0.9.tbd */ = {isa = PBXFileReference; lastKnownFileType = "sourcecode.text-based-dylib-definition"; name = "libstdc++.6.0.9.tbd"; path = "usr/lib/libstdc++.6.0.9.tbd"; sourceTree = SDKROOT; };
		65B731741C7931140071D42C /* CoreImage.framework */ = {isa = PBXFileReference; lastKnownFileType = wrapper.framework; name = CoreImage.framework; path = System/Library/Frameworks/CoreImage.framework; sourceTree = SDKROOT; };
		65B731761C7935A70071D42C /* ResteurantPos-Bridging-Header.h */ = {isa = PBXFileReference; lastKnownFileType = sourcecode.c.h; path = "ResteurantPos-Bridging-Header.h"; sourceTree = "<group>"; };
		65B7317A1C7A0BD10071D42C /* ScanViewController.swift */ = {isa = PBXFileReference; fileEncoding = 4; lastKnownFileType = sourcecode.swift; path = ScanViewController.swift; sourceTree = "<group>"; };
		65B731801C7AE7D00071D42C /* CustomKeyboard.appex */ = {isa = PBXFileReference; explicitFileType = "wrapper.app-extension"; includeInIndex = 0; path = CustomKeyboard.appex; sourceTree = BUILT_PRODUCTS_DIR; };
		65B731821C7AE7D00071D42C /* KeyboardViewController.swift */ = {isa = PBXFileReference; lastKnownFileType = sourcecode.swift; path = KeyboardViewController.swift; sourceTree = "<group>"; };
		65B731841C7AE7D00071D42C /* Info.plist */ = {isa = PBXFileReference; lastKnownFileType = text.plist.xml; path = Info.plist; sourceTree = "<group>"; };
		65B7318C1C7B5B2E0071D42C /* CustomKeyboard.entitlements */ = {isa = PBXFileReference; lastKnownFileType = text.xml; path = CustomKeyboard.entitlements; sourceTree = "<group>"; };
		65CDD3D91C80260500E066CC /* UserSettingsViewController.swift */ = {isa = PBXFileReference; fileEncoding = 4; lastKnownFileType = sourcecode.swift; path = UserSettingsViewController.swift; sourceTree = "<group>"; };
		77F57B6475FAB7CB4B08AA8E /* Pods_ResteurantPos.framework */ = {isa = PBXFileReference; explicitFileType = wrapper.framework; includeInIndex = 0; path = Pods_ResteurantPos.framework; sourceTree = BUILT_PRODUCTS_DIR; };
		D0150A79D70405790BA073C2 /* Pods-ResteurantPos.release.xcconfig */ = {isa = PBXFileReference; includeInIndex = 1; lastKnownFileType = text.xcconfig; name = "Pods-ResteurantPos.release.xcconfig"; path = "Pods/Target Support Files/Pods-ResteurantPos/Pods-ResteurantPos.release.xcconfig"; sourceTree = "<group>"; };
/* End PBXFileReference section */

/* Begin PBXFrameworksBuildPhase section */
		6506EC231C72523900208E47 /* Frameworks */ = {
			isa = PBXFrameworksBuildPhase;
			buildActionMask = 2147483647;
			files = (
				65B731751C7931140071D42C /* CoreImage.framework in Frameworks */,
				65B731731C79310A0071D42C /* libstdc++.6.0.9.tbd in Frameworks */,
				65B731711C7930AF0071D42C /* libstdc++.tbd in Frameworks */,
				65B7316D1C7930840071D42C /* TesseractOCR.framework in Frameworks */,
				1E5B2CE8D67991188FF27F30 /* Pods_ResteurantPos.framework in Frameworks */,
			);
			runOnlyForDeploymentPostprocessing = 0;
		};
		6506EC3A1C72523900208E47 /* Frameworks */ = {
			isa = PBXFrameworksBuildPhase;
			buildActionMask = 2147483647;
			files = (
			);
			runOnlyForDeploymentPostprocessing = 0;
		};
		6506EC451C72523900208E47 /* Frameworks */ = {
			isa = PBXFrameworksBuildPhase;
			buildActionMask = 2147483647;
			files = (
			);
			runOnlyForDeploymentPostprocessing = 0;
		};
		65B7317D1C7AE7D00071D42C /* Frameworks */ = {
			isa = PBXFrameworksBuildPhase;
			buildActionMask = 2147483647;
			files = (
			);
			runOnlyForDeploymentPostprocessing = 0;
		};
/* End PBXFrameworksBuildPhase section */

/* Begin PBXGroup section */
		3CFA0DE9C894C0967D88F6A7 /* Frameworks */ = {
			isa = PBXGroup;
			children = (
				65B731741C7931140071D42C /* CoreImage.framework */,
				65B731721C79310A0071D42C /* libstdc++.6.0.9.tbd */,
				65B731701C7930AF0071D42C /* libstdc++.tbd */,
				77F57B6475FAB7CB4B08AA8E /* Pods_ResteurantPos.framework */,
			);
			name = Frameworks;
			sourceTree = "<group>";
		};
		6506EC1D1C72523900208E47 = {
			isa = PBXGroup;
			children = (
				65B7316E1C79308F0071D42C /* tessdata */,
				65B7316C1C7930840071D42C /* TesseractOCR.framework */,
				6506EC281C72523900208E47 /* ResteurantPos */,
				6506EC401C72523900208E47 /* ResteurantPosTests */,
				6506EC4B1C72523900208E47 /* ResteurantPosUITests */,
				65B731811C7AE7D00071D42C /* CustomKeyboard */,
				6506EC271C72523900208E47 /* Products */,
				9734BDFD1F0E5128BEFA9AB5 /* Pods */,
				3CFA0DE9C894C0967D88F6A7 /* Frameworks */,
				65B731761C7935A70071D42C /* ResteurantPos-Bridging-Header.h */,
			);
			sourceTree = "<group>";
		};
		6506EC271C72523900208E47 /* Products */ = {
			isa = PBXGroup;
			children = (
				6506EC261C72523900208E47 /* ResteurantPos.app */,
				6506EC3D1C72523900208E47 /* ResteurantPosTests.xctest */,
				6506EC481C72523900208E47 /* ResteurantPosUITests.xctest */,
				65B731801C7AE7D00071D42C /* CustomKeyboard.appex */,
			);
			name = Products;
			sourceTree = "<group>";
		};
		6506EC281C72523900208E47 /* ResteurantPos */ = {
			isa = PBXGroup;
			children = (
				6506EC6B1C7271C500208E47 /* Model */,
				6545D8851C876937004B5D5B /* View */,
				6545D8841C8768FA004B5D5B /* Controller */,
				6545D8861C876977004B5D5B /* Support */,
			);
			path = ResteurantPos;
			sourceTree = "<group>";
		};
		6506EC401C72523900208E47 /* ResteurantPosTests */ = {
			isa = PBXGroup;
			children = (
				6506EC411C72523900208E47 /* ResteurantPosTests.swift */,
				6506EC431C72523900208E47 /* Info.plist */,
			);
			path = ResteurantPosTests;
			sourceTree = "<group>";
		};
		6506EC4B1C72523900208E47 /* ResteurantPosUITests */ = {
			isa = PBXGroup;
			children = (
				6506EC4C1C72523900208E47 /* ResteurantPosUITests.swift */,
				6506EC4E1C72523900208E47 /* Info.plist */,
			);
			path = ResteurantPosUITests;
			sourceTree = "<group>";
		};
		6506EC6B1C7271C500208E47 /* Model */ = {
			isa = PBXGroup;
			children = (
				6545D8931C88A1A1004B5D5B /* Table+CoreDataProperties.swift */,
				6545D8941C88A1A1004B5D5B /* Table.swift */,
				6545D8891C876ECD004B5D5B /* Employee+CoreDataProperties.swift */,
				6545D88A1C876ECD004B5D5B /* Employee.swift */,
				6545D88D1C876EE0004B5D5B /* stageOneComplete */,
			);
			name = Model;
			sourceTree = "<group>";
		};
		6545D8831C8768B2004B5D5B /* stage one complete */ = {
			isa = PBXGroup;
			children = (
				65B7317A1C7A0BD10071D42C /* ScanViewController.swift */,
				6506EC641C725E1800208E47 /* EditViewController.swift */,
				6506EC5A1C7257FB00208E47 /* MenuTableViewController.swift */,
			);
			name = "stage one complete";
			sourceTree = "<group>";
		};
		6545D8841C8768FA004B5D5B /* Controller */ = {
			isa = PBXGroup;
			children = (
				6545D8831C8768B2004B5D5B /* stage one complete */,
				6545D8881C876A3F004B5D5B /* currentlyWorking */,
				6545D8871C876A0E004B5D5B /* in progress */,
			);
			name = Controller;
			sourceTree = "<group>";
		};
		6545D8851C876937004B5D5B /* View */ = {
			isa = PBXGroup;
			children = (
				6545D8901C8779FD004B5D5B /* no in use */,
				6506EC2D1C72523900208E47 /* Main.storyboard */,
			);
			name = View;
			sourceTree = "<group>";
		};
		6545D8861C876977004B5D5B /* Support */ = {
			isa = PBXGroup;
			children = (
				6506EC291C72523900208E47 /* AppDelegate.swift */,
				6506EC331C72523900208E47 /* Assets.xcassets */,
				6506EC381C72523900208E47 /* Info.plist */,
				6506EC301C72523900208E47 /* ResteurantPos.xcdatamodeld */,
			);
			name = Support;
			sourceTree = "<group>";
		};
		6545D8871C876A0E004B5D5B /* in progress */ = {
			isa = PBXGroup;
			children = (
				65B0D6F81C8255C10057C077 /* SignUpViewController.swift */,
				655B591F1C7FF97100D3D72A /* CheckTableViewController.swift */,
				655B591D1C7FF95B00D3D72A /* DiningTableTableViewController.swift */,
			);
			name = "in progress";
			sourceTree = "<group>";
		};
		6545D8881C876A3F004B5D5B /* currentlyWorking */ = {
			isa = PBXGroup;
			children = (
				6545D8911C87BC39004B5D5B /* EditEmployeeViewController.swift */,
				6545D88E1C87771C004B5D5B /* EmployeeTableViewController.swift */,
				65CDD3D91C80260500E066CC /* UserSettingsViewController.swift */,
			);
			name = currentlyWorking;
			sourceTree = "<group>";
		};
		6545D88D1C876EE0004B5D5B /* stageOneComplete */ = {
			isa = PBXGroup;
			children = (
				655B59131C7E7C9600D3D72A /* Dish+CoreDataProperties.swift */,
				655B59141C7E7C9600D3D72A /* Dish.swift */,
				655B59151C7E7C9600D3D72A /* Ticket+CoreDataProperties.swift */,
				655B59161C7E7C9600D3D72A /* Ticket.swift */,
			);
			name = stageOneComplete;
			sourceTree = "<group>";
		};
		6545D8901C8779FD004B5D5B /* no in use */ = {
			isa = PBXGroup;
			children = (
				6506EC351C72523900208E47 /* LaunchScreen.storyboard */,
			);
			name = "no in use";
			sourceTree = "<group>";
		};
		65B731811C7AE7D00071D42C /* CustomKeyboard */ = {
			isa = PBXGroup;
			children = (
				65B7318C1C7B5B2E0071D42C /* CustomKeyboard.entitlements */,
				65B731821C7AE7D00071D42C /* KeyboardViewController.swift */,
				65B731841C7AE7D00071D42C /* Info.plist */,
			);
			path = CustomKeyboard;
			sourceTree = "<group>";
		};
		9734BDFD1F0E5128BEFA9AB5 /* Pods */ = {
			isa = PBXGroup;
			children = (
				462438A10CC5669272C50E51 /* Pods-ResteurantPos.debug.xcconfig */,
				D0150A79D70405790BA073C2 /* Pods-ResteurantPos.release.xcconfig */,
			);
			name = Pods;
			sourceTree = "<group>";
		};
/* End PBXGroup section */

/* Begin PBXNativeTarget section */
		6506EC251C72523900208E47 /* ResteurantPos */ = {
			isa = PBXNativeTarget;
			buildConfigurationList = 6506EC511C72523900208E47 /* Build configuration list for PBXNativeTarget "ResteurantPos" */;
			buildPhases = (
				1D676B95A407630CF472F3D1 /* Check Pods Manifest.lock */,
				6506EC221C72523900208E47 /* Sources */,
				6506EC231C72523900208E47 /* Frameworks */,
				6506EC241C72523900208E47 /* Resources */,
				D6D17CBBF5AED2857D57F31E /* Embed Pods Frameworks */,
				12CA1EE4CFC6FC1869D32FC7 /* Copy Pods Resources */,
				65B7318B1C7AE7D00071D42C /* Embed App Extensions */,
			);
			buildRules = (
			);
			dependencies = (
				65B731861C7AE7D00071D42C /* PBXTargetDependency */,
			);
			name = ResteurantPos;
			productName = ResteurantPos;
			productReference = 6506EC261C72523900208E47 /* ResteurantPos.app */;
			productType = "com.apple.product-type.application";
		};
		6506EC3C1C72523900208E47 /* ResteurantPosTests */ = {
			isa = PBXNativeTarget;
			buildConfigurationList = 6506EC541C72523900208E47 /* Build configuration list for PBXNativeTarget "ResteurantPosTests" */;
			buildPhases = (
				6506EC391C72523900208E47 /* Sources */,
				6506EC3A1C72523900208E47 /* Frameworks */,
				6506EC3B1C72523900208E47 /* Resources */,
			);
			buildRules = (
			);
			dependencies = (
				6506EC3F1C72523900208E47 /* PBXTargetDependency */,
			);
			name = ResteurantPosTests;
			productName = ResteurantPosTests;
			productReference = 6506EC3D1C72523900208E47 /* ResteurantPosTests.xctest */;
			productType = "com.apple.product-type.bundle.unit-test";
		};
		6506EC471C72523900208E47 /* ResteurantPosUITests */ = {
			isa = PBXNativeTarget;
			buildConfigurationList = 6506EC571C72523900208E47 /* Build configuration list for PBXNativeTarget "ResteurantPosUITests" */;
			buildPhases = (
				6506EC441C72523900208E47 /* Sources */,
				6506EC451C72523900208E47 /* Frameworks */,
				6506EC461C72523900208E47 /* Resources */,
			);
			buildRules = (
			);
			dependencies = (
				6506EC4A1C72523900208E47 /* PBXTargetDependency */,
			);
			name = ResteurantPosUITests;
			productName = ResteurantPosUITests;
			productReference = 6506EC481C72523900208E47 /* ResteurantPosUITests.xctest */;
			productType = "com.apple.product-type.bundle.ui-testing";
		};
		65B7317F1C7AE7D00071D42C /* CustomKeyboard */ = {
			isa = PBXNativeTarget;
			buildConfigurationList = 65B7318A1C7AE7D00071D42C /* Build configuration list for PBXNativeTarget "CustomKeyboard" */;
			buildPhases = (
				65B7317C1C7AE7D00071D42C /* Sources */,
				65B7317D1C7AE7D00071D42C /* Frameworks */,
				65B7317E1C7AE7D00071D42C /* Resources */,
			);
			buildRules = (
			);
			dependencies = (
			);
			name = CustomKeyboard;
			productName = CustomKeyboard;
			productReference = 65B731801C7AE7D00071D42C /* CustomKeyboard.appex */;
			productType = "com.apple.product-type.app-extension";
		};
/* End PBXNativeTarget section */

/* Begin PBXProject section */
		6506EC1E1C72523900208E47 /* Project object */ = {
			isa = PBXProject;
			attributes = {
				LastSwiftUpdateCheck = 0720;
				LastUpgradeCheck = 0720;
				ORGANIZATIONNAME = "Lin Wei";
				TargetAttributes = {
					6506EC251C72523900208E47 = {
						CreatedOnToolsVersion = 7.2.1;
					};
					6506EC3C1C72523900208E47 = {
						CreatedOnToolsVersion = 7.2.1;
						TestTargetID = 6506EC251C72523900208E47;
					};
					6506EC471C72523900208E47 = {
						CreatedOnToolsVersion = 7.2.1;
						TestTargetID = 6506EC251C72523900208E47;
					};
					65B7317F1C7AE7D00071D42C = {
						CreatedOnToolsVersion = 7.2.1;
						DevelopmentTeam = 775J78N5FZ;
						SystemCapabilities = {
							com.apple.ApplicationGroups.iOS = {
								enabled = 0;
							};
						};
					};
				};
			};
			buildConfigurationList = 6506EC211C72523900208E47 /* Build configuration list for PBXProject "ResteurantPos" */;
			compatibilityVersion = "Xcode 3.2";
			developmentRegion = English;
			hasScannedForEncodings = 0;
			knownRegions = (
				en,
				Base,
			);
			mainGroup = 6506EC1D1C72523900208E47;
			productRefGroup = 6506EC271C72523900208E47 /* Products */;
			projectDirPath = "";
			projectRoot = "";
			targets = (
				6506EC251C72523900208E47 /* ResteurantPos */,
				6506EC3C1C72523900208E47 /* ResteurantPosTests */,
				6506EC471C72523900208E47 /* ResteurantPosUITests */,
				65B7317F1C7AE7D00071D42C /* CustomKeyboard */,
			);
		};
/* End PBXProject section */

/* Begin PBXResourcesBuildPhase section */
		6506EC241C72523900208E47 /* Resources */ = {
			isa = PBXResourcesBuildPhase;
			buildActionMask = 2147483647;
			files = (
				6506EC371C72523900208E47 /* LaunchScreen.storyboard in Resources */,
				65B7316F1C79308F0071D42C /* tessdata in Resources */,
				6506EC341C72523900208E47 /* Assets.xcassets in Resources */,
				6506EC2F1C72523900208E47 /* Main.storyboard in Resources */,
			);
			runOnlyForDeploymentPostprocessing = 0;
		};
		6506EC3B1C72523900208E47 /* Resources */ = {
			isa = PBXResourcesBuildPhase;
			buildActionMask = 2147483647;
			files = (
			);
			runOnlyForDeploymentPostprocessing = 0;
		};
		6506EC461C72523900208E47 /* Resources */ = {
			isa = PBXResourcesBuildPhase;
			buildActionMask = 2147483647;
			files = (
			);
			runOnlyForDeploymentPostprocessing = 0;
		};
		65B7317E1C7AE7D00071D42C /* Resources */ = {
			isa = PBXResourcesBuildPhase;
			buildActionMask = 2147483647;
			files = (
			);
			runOnlyForDeploymentPostprocessing = 0;
		};
/* End PBXResourcesBuildPhase section */

/* Begin PBXShellScriptBuildPhase section */
		12CA1EE4CFC6FC1869D32FC7 /* Copy Pods Resources */ = {
			isa = PBXShellScriptBuildPhase;
			buildActionMask = 2147483647;
			files = (
			);
			inputPaths = (
			);
			name = "Copy Pods Resources";
			outputPaths = (
			);
			runOnlyForDeploymentPostprocessing = 0;
			shellPath = /bin/sh;
			shellScript = "\"${SRCROOT}/Pods/Target Support Files/Pods-ResteurantPos/Pods-ResteurantPos-resources.sh\"\n";
			showEnvVarsInLog = 0;
		};
		1D676B95A407630CF472F3D1 /* Check Pods Manifest.lock */ = {
			isa = PBXShellScriptBuildPhase;
			buildActionMask = 2147483647;
			files = (
			);
			inputPaths = (
			);
			name = "Check Pods Manifest.lock";
			outputPaths = (
			);
			runOnlyForDeploymentPostprocessing = 0;
			shellPath = /bin/sh;
			shellScript = "diff \"${PODS_ROOT}/../Podfile.lock\" \"${PODS_ROOT}/Manifest.lock\" > /dev/null\nif [[ $? != 0 ]] ; then\n    cat << EOM\nerror: The sandbox is not in sync with the Podfile.lock. Run 'pod install' or update your CocoaPods installation.\nEOM\n    exit 1\nfi\n";
			showEnvVarsInLog = 0;
		};
		D6D17CBBF5AED2857D57F31E /* Embed Pods Frameworks */ = {
			isa = PBXShellScriptBuildPhase;
			buildActionMask = 2147483647;
			files = (
			);
			inputPaths = (
			);
			name = "Embed Pods Frameworks";
			outputPaths = (
			);
			runOnlyForDeploymentPostprocessing = 0;
			shellPath = /bin/sh;
			shellScript = "\"${SRCROOT}/Pods/Target Support Files/Pods-ResteurantPos/Pods-ResteurantPos-frameworks.sh\"\n";
			showEnvVarsInLog = 0;
		};
/* End PBXShellScriptBuildPhase section */

/* Begin PBXSourcesBuildPhase section */
		6506EC221C72523900208E47 /* Sources */ = {
			isa = PBXSourcesBuildPhase;
			buildActionMask = 2147483647;
			files = (
				655B59191C7E7C9600D3D72A /* Ticket+CoreDataProperties.swift in Sources */,
				6545D8961C88A1A1004B5D5B /* Table.swift in Sources */,
				6506EC2A1C72523900208E47 /* AppDelegate.swift in Sources */,
				65B7317B1C7A0BD10071D42C /* ScanViewController.swift in Sources */,
				655B59201C7FF97100D3D72A /* CheckTableViewController.swift in Sources */,
				65CDD3DA1C80260500E066CC /* UserSettingsViewController.swift in Sources */,
				6545D8921C87BC39004B5D5B /* EditEmployeeViewController.swift in Sources */,
				6545D8951C88A1A1004B5D5B /* Table+CoreDataProperties.swift in Sources */,
				655B591E1C7FF95B00D3D72A /* DiningTableTableViewController.swift in Sources */,
				6506EC651C725E1800208E47 /* EditViewController.swift in Sources */,
				655B59171C7E7C9600D3D72A /* Dish+CoreDataProperties.swift in Sources */,
				6506EC321C72523900208E47 /* ResteurantPos.xcdatamodeld in Sources */,
				6545D88F1C87771C004B5D5B /* EmployeeTableViewController.swift in Sources */,
				655B59181C7E7C9600D3D72A /* Dish.swift in Sources */,
				655B591A1C7E7C9600D3D72A /* Ticket.swift in Sources */,
				65B0D6F91C8255C10057C077 /* SignUpViewController.swift in Sources */,
				6506EC5B1C7257FB00208E47 /* MenuTableViewController.swift in Sources */,
				6545D88C1C876ECD004B5D5B /* Employee.swift in Sources */,
				6545D88B1C876ECD004B5D5B /* Employee+CoreDataProperties.swift in Sources */,
			);
			runOnlyForDeploymentPostprocessing = 0;
		};
		6506EC391C72523900208E47 /* Sources */ = {
			isa = PBXSourcesBuildPhase;
			buildActionMask = 2147483647;
			files = (
				6506EC421C72523900208E47 /* ResteurantPosTests.swift in Sources */,
			);
			runOnlyForDeploymentPostprocessing = 0;
		};
		6506EC441C72523900208E47 /* Sources */ = {
			isa = PBXSourcesBuildPhase;
			buildActionMask = 2147483647;
			files = (
				6506EC4D1C72523900208E47 /* ResteurantPosUITests.swift in Sources */,
			);
			runOnlyForDeploymentPostprocessing = 0;
		};
		65B7317C1C7AE7D00071D42C /* Sources */ = {
			isa = PBXSourcesBuildPhase;
			buildActionMask = 2147483647;
			files = (
				65B731831C7AE7D00071D42C /* KeyboardViewController.swift in Sources */,
			);
			runOnlyForDeploymentPostprocessing = 0;
		};
/* End PBXSourcesBuildPhase section */

/* Begin PBXTargetDependency section */
		6506EC3F1C72523900208E47 /* PBXTargetDependency */ = {
			isa = PBXTargetDependency;
			target = 6506EC251C72523900208E47 /* ResteurantPos */;
			targetProxy = 6506EC3E1C72523900208E47 /* PBXContainerItemProxy */;
		};
		6506EC4A1C72523900208E47 /* PBXTargetDependency */ = {
			isa = PBXTargetDependency;
			target = 6506EC251C72523900208E47 /* ResteurantPos */;
			targetProxy = 6506EC491C72523900208E47 /* PBXContainerItemProxy */;
		};
		65B731861C7AE7D00071D42C /* PBXTargetDependency */ = {
			isa = PBXTargetDependency;
			target = 65B7317F1C7AE7D00071D42C /* CustomKeyboard */;
			targetProxy = 65B731851C7AE7D00071D42C /* PBXContainerItemProxy */;
		};
/* End PBXTargetDependency section */

/* Begin PBXVariantGroup section */
		6506EC2D1C72523900208E47 /* Main.storyboard */ = {
			isa = PBXVariantGroup;
			children = (
				6506EC2E1C72523900208E47 /* Base */,
			);
			name = Main.storyboard;
			sourceTree = "<group>";
		};
		6506EC351C72523900208E47 /* LaunchScreen.storyboard */ = {
			isa = PBXVariantGroup;
			children = (
				6506EC361C72523900208E47 /* Base */,
			);
			name = LaunchScreen.storyboard;
			sourceTree = "<group>";
		};
/* End PBXVariantGroup section */

/* Begin XCBuildConfiguration section */
		6506EC4F1C72523900208E47 /* Debug */ = {
			isa = XCBuildConfiguration;
			buildSettings = {
				ALWAYS_SEARCH_USER_PATHS = NO;
				CLANG_CXX_LANGUAGE_STANDARD = "gnu++0x";
				CLANG_CXX_LIBRARY = "libc++";
				CLANG_ENABLE_MODULES = YES;
				CLANG_ENABLE_OBJC_ARC = YES;
				CLANG_WARN_BOOL_CONVERSION = YES;
				CLANG_WARN_CONSTANT_CONVERSION = YES;
				CLANG_WARN_DIRECT_OBJC_ISA_USAGE = YES_ERROR;
				CLANG_WARN_EMPTY_BODY = YES;
				CLANG_WARN_ENUM_CONVERSION = YES;
				CLANG_WARN_INT_CONVERSION = YES;
				CLANG_WARN_OBJC_ROOT_CLASS = YES_ERROR;
				CLANG_WARN_UNREACHABLE_CODE = YES;
				CLANG_WARN__DUPLICATE_METHOD_MATCH = YES;
				"CODE_SIGN_IDENTITY[sdk=iphoneos*]" = "iPhone Developer";
				COPY_PHASE_STRIP = NO;
				DEBUG_INFORMATION_FORMAT = dwarf;
				ENABLE_BITCODE = NO;
				ENABLE_STRICT_OBJC_MSGSEND = YES;
				ENABLE_TESTABILITY = YES;
				GCC_C_LANGUAGE_STANDARD = gnu99;
				GCC_DYNAMIC_NO_PIC = NO;
				GCC_NO_COMMON_BLOCKS = YES;
				GCC_OPTIMIZATION_LEVEL = 0;
				GCC_PREPROCESSOR_DEFINITIONS = (
					"DEBUG=1",
					"$(inherited)",
				);
				GCC_WARN_64_TO_32_BIT_CONVERSION = YES;
				GCC_WARN_ABOUT_RETURN_TYPE = YES_ERROR;
				GCC_WARN_UNDECLARED_SELECTOR = YES;
				GCC_WARN_UNINITIALIZED_AUTOS = YES_AGGRESSIVE;
				GCC_WARN_UNUSED_FUNCTION = YES;
				GCC_WARN_UNUSED_VARIABLE = YES;
				IPHONEOS_DEPLOYMENT_TARGET = 9.2;
				MTL_ENABLE_DEBUG_INFO = YES;
				ONLY_ACTIVE_ARCH = YES;
				SDKROOT = iphoneos;
				SWIFT_OPTIMIZATION_LEVEL = "-Onone";
				TARGETED_DEVICE_FAMILY = "1,2";
			};
			name = Debug;
		};
		6506EC501C72523900208E47 /* Release */ = {
			isa = XCBuildConfiguration;
			buildSettings = {
				ALWAYS_SEARCH_USER_PATHS = NO;
				CLANG_CXX_LANGUAGE_STANDARD = "gnu++0x";
				CLANG_CXX_LIBRARY = "libc++";
				CLANG_ENABLE_MODULES = YES;
				CLANG_ENABLE_OBJC_ARC = YES;
				CLANG_WARN_BOOL_CONVERSION = YES;
				CLANG_WARN_CONSTANT_CONVERSION = YES;
				CLANG_WARN_DIRECT_OBJC_ISA_USAGE = YES_ERROR;
				CLANG_WARN_EMPTY_BODY = YES;
				CLANG_WARN_ENUM_CONVERSION = YES;
				CLANG_WARN_INT_CONVERSION = YES;
				CLANG_WARN_OBJC_ROOT_CLASS = YES_ERROR;
				CLANG_WARN_UNREACHABLE_CODE = YES;
				CLANG_WARN__DUPLICATE_METHOD_MATCH = YES;
				"CODE_SIGN_IDENTITY[sdk=iphoneos*]" = "iPhone Developer";
				COPY_PHASE_STRIP = NO;
				DEBUG_INFORMATION_FORMAT = "dwarf-with-dsym";
				ENABLE_BITCODE = NO;
				ENABLE_NS_ASSERTIONS = NO;
				ENABLE_STRICT_OBJC_MSGSEND = YES;
				GCC_C_LANGUAGE_STANDARD = gnu99;
				GCC_NO_COMMON_BLOCKS = YES;
				GCC_WARN_64_TO_32_BIT_CONVERSION = YES;
				GCC_WARN_ABOUT_RETURN_TYPE = YES_ERROR;
				GCC_WARN_UNDECLARED_SELECTOR = YES;
				GCC_WARN_UNINITIALIZED_AUTOS = YES_AGGRESSIVE;
				GCC_WARN_UNUSED_FUNCTION = YES;
				GCC_WARN_UNUSED_VARIABLE = YES;
				IPHONEOS_DEPLOYMENT_TARGET = 9.2;
				MTL_ENABLE_DEBUG_INFO = NO;
				SDKROOT = iphoneos;
				TARGETED_DEVICE_FAMILY = "1,2";
				VALIDATE_PRODUCT = YES;
			};
			name = Release;
		};
		6506EC521C72523900208E47 /* Debug */ = {
			isa = XCBuildConfiguration;
			baseConfigurationReference = 462438A10CC5669272C50E51 /* Pods-ResteurantPos.debug.xcconfig */;
			buildSettings = {
				ASSETCATALOG_COMPILER_APPICON_NAME = AppIcon;
				CLANG_CXX_LIBRARY = "compiler-default";
				CLANG_ENABLE_MODULES = YES;
				EMBEDDED_CONTENT_CONTAINS_SWIFT = YES;
				FRAMEWORK_SEARCH_PATHS = (
					"$(inherited)",
					"$(PROJECT_DIR)",
				);
				INFOPLIST_FILE = ResteurantPos/Info.plist;
				LD_RUNPATH_SEARCH_PATHS = "$(inherited) @executable_path/Frameworks";
				OTHER_LDFLAGS = (
					"$(inherited)",
					"-framework",
					"\"SVProgressHUD\"",
					"-lstdc++",
				);
				PRODUCT_BUNDLE_IDENTIFIER = company.ResteurantPos;
				PRODUCT_NAME = "$(TARGET_NAME)";
				SWIFT_OBJC_BRIDGING_HEADER = "ResteurantPos-Bridging-Header.h";
				SWIFT_OPTIMIZATION_LEVEL = "-Onone";
			};
			name = Debug;
		};
		6506EC531C72523900208E47 /* Release */ = {
			isa = XCBuildConfiguration;
			baseConfigurationReference = D0150A79D70405790BA073C2 /* Pods-ResteurantPos.release.xcconfig */;
			buildSettings = {
				ASSETCATALOG_COMPILER_APPICON_NAME = AppIcon;
				CLANG_CXX_LIBRARY = "compiler-default";
				CLANG_ENABLE_MODULES = YES;
				EMBEDDED_CONTENT_CONTAINS_SWIFT = YES;
				FRAMEWORK_SEARCH_PATHS = (
					"$(inherited)",
					"$(PROJECT_DIR)",
				);
				INFOPLIST_FILE = ResteurantPos/Info.plist;
				LD_RUNPATH_SEARCH_PATHS = "$(inherited) @executable_path/Frameworks";
				OTHER_LDFLAGS = (
					"$(inherited)",
					"-framework",
					"\"SVProgressHUD\"",
					"-lstdc++",
				);
				PRODUCT_BUNDLE_IDENTIFIER = company.ResteurantPos;
				PRODUCT_NAME = "$(TARGET_NAME)";
				SWIFT_OBJC_BRIDGING_HEADER = "ResteurantPos-Bridging-Header.h";
			};
			name = Release;
		};
		6506EC551C72523900208E47 /* Debug */ = {
			isa = XCBuildConfiguration;
			buildSettings = {
				BUNDLE_LOADER = "$(TEST_HOST)";
				INFOPLIST_FILE = ResteurantPosTests/Info.plist;
				LD_RUNPATH_SEARCH_PATHS = "$(inherited) @executable_path/Frameworks @loader_path/Frameworks";
				PRODUCT_BUNDLE_IDENTIFIER = company.ResteurantPosTests;
				PRODUCT_NAME = "$(TARGET_NAME)";
				TEST_HOST = "$(BUILT_PRODUCTS_DIR)/ResteurantPos.app/ResteurantPos";
			};
			name = Debug;
		};
		6506EC561C72523900208E47 /* Release */ = {
			isa = XCBuildConfiguration;
			buildSettings = {
				BUNDLE_LOADER = "$(TEST_HOST)";
				INFOPLIST_FILE = ResteurantPosTests/Info.plist;
				LD_RUNPATH_SEARCH_PATHS = "$(inherited) @executable_path/Frameworks @loader_path/Frameworks";
				PRODUCT_BUNDLE_IDENTIFIER = company.ResteurantPosTests;
				PRODUCT_NAME = "$(TARGET_NAME)";
				TEST_HOST = "$(BUILT_PRODUCTS_DIR)/ResteurantPos.app/ResteurantPos";
			};
			name = Release;
		};
		6506EC581C72523900208E47 /* Debug */ = {
			isa = XCBuildConfiguration;
			buildSettings = {
				INFOPLIST_FILE = ResteurantPosUITests/Info.plist;
				LD_RUNPATH_SEARCH_PATHS = "$(inherited) @executable_path/Frameworks @loader_path/Frameworks";
				PRODUCT_BUNDLE_IDENTIFIER = company.ResteurantPosUITests;
				PRODUCT_NAME = "$(TARGET_NAME)";
				TEST_TARGET_NAME = ResteurantPos;
				USES_XCTRUNNER = YES;
			};
			name = Debug;
		};
		6506EC591C72523900208E47 /* Release */ = {
			isa = XCBuildConfiguration;
			buildSettings = {
				INFOPLIST_FILE = ResteurantPosUITests/Info.plist;
				LD_RUNPATH_SEARCH_PATHS = "$(inherited) @executable_path/Frameworks @loader_path/Frameworks";
				PRODUCT_BUNDLE_IDENTIFIER = company.ResteurantPosUITests;
				PRODUCT_NAME = "$(TARGET_NAME)";
				TEST_TARGET_NAME = ResteurantPos;
				USES_XCTRUNNER = YES;
			};
			name = Release;
		};
		65B731881C7AE7D00071D42C /* Debug */ = {
			isa = XCBuildConfiguration;
			buildSettings = {
				CODE_SIGN_ENTITLEMENTS = CustomKeyboard/CustomKeyboard.entitlements;
				CODE_SIGN_IDENTITY = "iPhone Developer";
				"CODE_SIGN_IDENTITY[sdk=iphoneos*]" = "iPhone Developer";
				INFOPLIST_FILE = CustomKeyboard/Info.plist;
				LD_RUNPATH_SEARCH_PATHS = "$(inherited) @executable_path/Frameworks @executable_path/../../Frameworks";
				PRODUCT_BUNDLE_IDENTIFIER = company.ResteurantPos.CustomKeyboard;
				PRODUCT_NAME = "$(TARGET_NAME)";
				PROVISIONING_PROFILE = "";
				SKIP_INSTALL = YES;
			};
			name = Debug;
		};
		65B731891C7AE7D00071D42C /* Release */ = {
			isa = XCBuildConfiguration;
			buildSettings = {
				CODE_SIGN_ENTITLEMENTS = CustomKeyboard/CustomKeyboard.entitlements;
				CODE_SIGN_IDENTITY = "iPhone Developer";
				"CODE_SIGN_IDENTITY[sdk=iphoneos*]" = "iPhone Developer";
				INFOPLIST_FILE = CustomKeyboard/Info.plist;
				LD_RUNPATH_SEARCH_PATHS = "$(inherited) @executable_path/Frameworks @executable_path/../../Frameworks";
				PRODUCT_BUNDLE_IDENTIFIER = company.ResteurantPos.CustomKeyboard;
				PRODUCT_NAME = "$(TARGET_NAME)";
				PROVISIONING_PROFILE = "";
				SKIP_INSTALL = YES;
			};
			name = Release;
		};
/* End XCBuildConfiguration section */

/* Begin XCConfigurationList section */
		6506EC211C72523900208E47 /* Build configuration list for PBXProject "ResteurantPos" */ = {
			isa = XCConfigurationList;
			buildConfigurations = (
				6506EC4F1C72523900208E47 /* Debug */,
				6506EC501C72523900208E47 /* Release */,
			);
			defaultConfigurationIsVisible = 0;
			defaultConfigurationName = Release;
		};
		6506EC511C72523900208E47 /* Build configuration list for PBXNativeTarget "ResteurantPos" */ = {
			isa = XCConfigurationList;
			buildConfigurations = (
				6506EC521C72523900208E47 /* Debug */,
				6506EC531C72523900208E47 /* Release */,
			);
			defaultConfigurationIsVisible = 0;
			defaultConfigurationName = Release;
		};
		6506EC541C72523900208E47 /* Build configuration list for PBXNativeTarget "ResteurantPosTests" */ = {
			isa = XCConfigurationList;
			buildConfigurations = (
				6506EC551C72523900208E47 /* Debug */,
				6506EC561C72523900208E47 /* Release */,
			);
			defaultConfigurationIsVisible = 0;
			defaultConfigurationName = Release;
		};
		6506EC571C72523900208E47 /* Build configuration list for PBXNativeTarget "ResteurantPosUITests" */ = {
			isa = XCConfigurationList;
			buildConfigurations = (
				6506EC581C72523900208E47 /* Debug */,
				6506EC591C72523900208E47 /* Release */,
			);
			defaultConfigurationIsVisible = 0;
			defaultConfigurationName = Release;
		};
		65B7318A1C7AE7D00071D42C /* Build configuration list for PBXNativeTarget "CustomKeyboard" */ = {
			isa = XCConfigurationList;
			buildConfigurations = (
				65B731881C7AE7D00071D42C /* Debug */,
				65B731891C7AE7D00071D42C /* Release */,
			);
			defaultConfigurationIsVisible = 0;
			defaultConfigurationName = Release;
		};
/* End XCConfigurationList section */

/* Begin XCVersionGroup section */
		6506EC301C72523900208E47 /* ResteurantPos.xcdatamodeld */ = {
			isa = XCVersionGroup;
			children = (
				6506EC6C1C7284C100208E47 /* ResteurantPos 3.xcdatamodel */,
				6506EC661C72705200208E47 /* ResteurantPos 2.xcdatamodel */,
				6506EC311C72523900208E47 /* ResteurantPos.xcdatamodel */,
			);
			currentVersion = 6506EC6C1C7284C100208E47 /* ResteurantPos 3.xcdatamodel */;
			path = ResteurantPos.xcdatamodeld;
			sourceTree = "<group>";
			versionGroupType = wrapper.xcdatamodel;
		};
/* End XCVersionGroup section */
	};
	rootObject = 6506EC1E1C72523900208E47 /* Project object */;
}
