// !$*UTF8*$!
{
	archiveVersion = 1;
	classes = {
	};
	objectVersion = 46;
	objects = {

/* Begin PBXBuildFile section */
		6506EC2A1C72523900208E47 /* AppDelegate.swift in Sources */ = {isa = PBXBuildFile; fileRef = 6506EC291C72523900208E47 /* AppDelegate.swift */; };
		6506EC2F1C72523900208E47 /* Main.storyboard in Resources */ = {isa = PBXBuildFile; fileRef = 6506EC2D1C72523900208E47 /* Main.storyboard */; };
		6506EC321C72523900208E47 /* ResteurantPos.xcdatamodeld in Sources */ = {isa = PBXBuildFile; fileRef = 6506EC301C72523900208E47 /* ResteurantPos.xcdatamodeld */; };
		6506EC341C72523900208E47 /* Assets.xcassets in Resources */ = {isa = PBXBuildFile; fileRef = 6506EC331C72523900208E47 /* Assets.xcassets */; };
		6506EC371C72523900208E47 /* LaunchScreen.storyboard in Resources */ = {isa = PBXBuildFile; fileRef = 6506EC351C72523900208E47 /* LaunchScreen.storyboard */; };
		6506EC421C72523900208E47 /* ResteurantPosTests.swift in Sources */ = {isa = PBXBuildFile; fileRef = 6506EC411C72523900208E47 /* ResteurantPosTests.swift */; };
		6506EC4D1C72523900208E47 /* ResteurantPosUITests.swift in Sources */ = {isa = PBXBuildFile; fileRef = 6506EC4C1C72523900208E47 /* ResteurantPosUITests.swift */; };
		6506EC5B1C7257FB00208E47 /* MenuTableViewController.swift in Sources */ = {isa = PBXBuildFile; fileRef = 6506EC5A1C7257FB00208E47 /* MenuTableViewController.swift */; };
		6506EC621C725B7100208E47 /* Dish+CoreDataProperties.swift in Sources */ = {isa = PBXBuildFile; fileRef = 6506EC601C725B7100208E47 /* Dish+CoreDataProperties.swift */; };
		6506EC631C725B7100208E47 /* Dish.swift in Sources */ = {isa = PBXBuildFile; fileRef = 6506EC611C725B7100208E47 /* Dish.swift */; };
		6506EC651C725E1800208E47 /* EditViewController.swift in Sources */ = {isa = PBXBuildFile; fileRef = 6506EC641C725E1800208E47 /* EditViewController.swift */; };
/* End PBXBuildFile section */

/* Begin PBXContainerItemProxy section */
		6506EC3E1C72523900208E47 /* PBXContainerItemProxy */ = {
			isa = PBXContainerItemProxy;
			containerPortal = 6506EC1E1C72523900208E47 /* Project object */;
			proxyType = 1;
			remoteGlobalIDString = 6506EC251C72523900208E47;
			remoteInfo = ResteurantPos;
		};
		6506EC491C72523900208E47 /* PBXContainerItemProxy */ = {
			isa = PBXContainerItemProxy;
			containerPortal = 6506EC1E1C72523900208E47 /* Project object */;
			proxyType = 1;
			remoteGlobalIDString = 6506EC251C72523900208E47;
			remoteInfo = ResteurantPos;
		};
/* End PBXContainerItemProxy section */

/* Begin PBXFileReference section */
		6506EC261C72523900208E47 /* ResteurantPos.app */ = {isa = PBXFileReference; explicitFileType = wrapper.application; includeInIndex = 0; path = ResteurantPos.app; sourceTree = BUILT_PRODUCTS_DIR; };
		6506EC291C72523900208E47 /* AppDelegate.swift */ = {isa = PBXFileReference; lastKnownFileType = sourcecode.swift; path = AppDelegate.swift; sourceTree = "<group>"; };
		6506EC2E1C72523900208E47 /* Base */ = {isa = PBXFileReference; lastKnownFileType = file.storyboard; name = Base; path = Base.lproj/Main.storyboard; sourceTree = "<group>"; };
		6506EC311C72523900208E47 /* ResteurantPos.xcdatamodel */ = {isa = PBXFileReference; lastKnownFileType = wrapper.xcdatamodel; path = ResteurantPos.xcdatamodel; sourceTree = "<group>"; };
		6506EC331C72523900208E47 /* Assets.xcassets */ = {isa = PBXFileReference; lastKnownFileType = folder.assetcatalog; path = Assets.xcassets; sourceTree = "<group>"; };
		6506EC361C72523900208E47 /* Base */ = {isa = PBXFileReference; lastKnownFileType = file.storyboard; name = Base; path = Base.lproj/LaunchScreen.storyboard; sourceTree = "<group>"; };
		6506EC381C72523900208E47 /* Info.plist */ = {isa = PBXFileReference; lastKnownFileType = text.plist.xml; path = Info.plist; sourceTree = "<group>"; };
		6506EC3D1C72523900208E47 /* ResteurantPosTests.xctest */ = {isa = PBXFileReference; explicitFileType = wrapper.cfbundle; includeInIndex = 0; path = ResteurantPosTests.xctest; sourceTree = BUILT_PRODUCTS_DIR; };
		6506EC411C72523900208E47 /* ResteurantPosTests.swift */ = {isa = PBXFileReference; lastKnownFileType = sourcecode.swift; path = ResteurantPosTests.swift; sourceTree = "<group>"; };
		6506EC431C72523900208E47 /* Info.plist */ = {isa = PBXFileReference; lastKnownFileType = text.plist.xml; path = Info.plist; sourceTree = "<group>"; };
		6506EC481C72523900208E47 /* ResteurantPosUITests.xctest */ = {isa = PBXFileReference; explicitFileType = wrapper.cfbundle; includeInIndex = 0; path = ResteurantPosUITests.xctest; sourceTree = BUILT_PRODUCTS_DIR; };
		6506EC4C1C72523900208E47 /* ResteurantPosUITests.swift */ = {isa = PBXFileReference; lastKnownFileType = sourcecode.swift; path = ResteurantPosUITests.swift; sourceTree = "<group>"; };
		6506EC4E1C72523900208E47 /* Info.plist */ = {isa = PBXFileReference; lastKnownFileType = text.plist.xml; path = Info.plist; sourceTree = "<group>"; };
		6506EC5A1C7257FB00208E47 /* MenuTableViewController.swift */ = {isa = PBXFileReference; fileEncoding = 4; lastKnownFileType = sourcecode.swift; path = MenuTableViewController.swift; sourceTree = "<group>"; };
		6506EC601C725B7100208E47 /* Dish+CoreDataProperties.swift */ = {isa = PBXFileReference; fileEncoding = 4; lastKnownFileType = sourcecode.swift; name = "Dish+CoreDataProperties.swift"; path = "../Dish+CoreDataProperties.swift"; sourceTree = "<group>"; };
		6506EC611C725B7100208E47 /* Dish.swift */ = {isa = PBXFileReference; fileEncoding = 4; lastKnownFileType = sourcecode.swift; name = Dish.swift; path = ../Dish.swift; sourceTree = "<group>"; };
		6506EC641C725E1800208E47 /* EditViewController.swift */ = {isa = PBXFileReference; fileEncoding = 4; lastKnownFileType = sourcecode.swift; path = EditViewController.swift; sourceTree = "<group>"; };
/* End PBXFileReference section */

/* Begin PBXFrameworksBuildPhase section */
		6506EC231C72523900208E47 /* Frameworks */ = {
			isa = PBXFrameworksBuildPhase;
			buildActionMask = 2147483647;
			files = (
			);
			runOnlyForDeploymentPostprocessing = 0;
		};
		6506EC3A1C72523900208E47 /* Frameworks */ = {
			isa = PBXFrameworksBuildPhase;
			buildActionMask = 2147483647;
			files = (
			);
			runOnlyForDeploymentPostprocessing = 0;
		};
		6506EC451C72523900208E47 /* Frameworks */ = {
			isa = PBXFrameworksBuildPhase;
			buildActionMask = 2147483647;
			files = (
			);
			runOnlyForDeploymentPostprocessing = 0;
		};
/* End PBXFrameworksBuildPhase section */

/* Begin PBXGroup section */
		6506EC1D1C72523900208E47 = {
			isa = PBXGroup;
			children = (
				6506EC281C72523900208E47 /* ResteurantPos */,
				6506EC401C72523900208E47 /* ResteurantPosTests */,
				6506EC4B1C72523900208E47 /* ResteurantPosUITests */,
				6506EC271C72523900208E47 /* Products */,
			);
			sourceTree = "<group>";
		};
		6506EC271C72523900208E47 /* Products */ = {
			isa = PBXGroup;
			children = (
				6506EC261C72523900208E47 /* ResteurantPos.app */,
				6506EC3D1C72523900208E47 /* ResteurantPosTests.xctest */,
				6506EC481C72523900208E47 /* ResteurantPosUITests.xctest */,
			);
			name = Products;
			sourceTree = "<group>";
		};
		6506EC281C72523900208E47 /* ResteurantPos */ = {
			isa = PBXGroup;
			children = (
				6506EC601C725B7100208E47 /* Dish+CoreDataProperties.swift */,
				6506EC611C725B7100208E47 /* Dish.swift */,
				6506EC291C72523900208E47 /* AppDelegate.swift */,
				6506EC2D1C72523900208E47 /* Main.storyboard */,
				6506EC641C725E1800208E47 /* EditViewController.swift */,
				6506EC5A1C7257FB00208E47 /* MenuTableViewController.swift */,
				6506EC331C72523900208E47 /* Assets.xcassets */,
				6506EC351C72523900208E47 /* LaunchScreen.storyboard */,
				6506EC381C72523900208E47 /* Info.plist */,
				6506EC301C72523900208E47 /* ResteurantPos.xcdatamodeld */,
			);
			path = ResteurantPos;
			sourceTree = "<group>";
		};
		6506EC401C72523900208E47 /* ResteurantPosTests */ = {
			isa = PBXGroup;
			children = (
				6506EC411C72523900208E47 /* ResteurantPosTests.swift */,
				6506EC431C72523900208E47 /* Info.plist */,
			);
			path = ResteurantPosTests;
			sourceTree = "<group>";
		};
		6506EC4B1C72523900208E47 /* ResteurantPosUITests */ = {
			isa = PBXGroup;
			children = (
				6506EC4C1C72523900208E47 /* ResteurantPosUITests.swift */,
				6506EC4E1C72523900208E47 /* Info.plist */,
			);
			path = ResteurantPosUITests;
			sourceTree = "<group>";
		};
/* End PBXGroup section */

/* Begin PBXNativeTarget section */
		6506EC251C72523900208E47 /* ResteurantPos */ = {
			isa = PBXNativeTarget;
			buildConfigurationList = 6506EC511C72523900208E47 /* Build configuration list for PBXNativeTarget "ResteurantPos" */;
			buildPhases = (
				6506EC221C72523900208E47 /* Sources */,
				6506EC231C72523900208E47 /* Frameworks */,
				6506EC241C72523900208E47 /* Resources */,
			);
			buildRules = (
			);
			dependencies = (
			);
			name = ResteurantPos;
			productName = ResteurantPos;
			productReference = 6506EC261C72523900208E47 /* ResteurantPos.app */;
			productType = "com.apple.product-type.application";
		};
		6506EC3C1C72523900208E47 /* ResteurantPosTests */ = {
			isa = PBXNativeTarget;
			buildConfigurationList = 6506EC541C72523900208E47 /* Build configuration list for PBXNativeTarget "ResteurantPosTests" */;
			buildPhases = (
				6506EC391C72523900208E47 /* Sources */,
				6506EC3A1C72523900208E47 /* Frameworks */,
				6506EC3B1C72523900208E47 /* Resources */,
			);
			buildRules = (
			);
			dependencies = (
				6506EC3F1C72523900208E47 /* PBXTargetDependency */,
			);
			name = ResteurantPosTests;
			productName = ResteurantPosTests;
			productReference = 6506EC3D1C72523900208E47 /* ResteurantPosTests.xctest */;
			productType = "com.apple.product-type.bundle.unit-test";
		};
		6506EC471C72523900208E47 /* ResteurantPosUITests */ = {
			isa = PBXNativeTarget;
			buildConfigurationList = 6506EC571C72523900208E47 /* Build configuration list for PBXNativeTarget "ResteurantPosUITests" */;
			buildPhases = (
				6506EC441C72523900208E47 /* Sources */,
				6506EC451C72523900208E47 /* Frameworks */,
				6506EC461C72523900208E47 /* Resources */,
			);
			buildRules = (
			);
			dependencies = (
				6506EC4A1C72523900208E47 /* PBXTargetDependency */,
			);
			name = ResteurantPosUITests;
			productName = ResteurantPosUITests;
			productReference = 6506EC481C72523900208E47 /* ResteurantPosUITests.xctest */;
			productType = "com.apple.product-type.bundle.ui-testing";
		};
/* End PBXNativeTarget section */

/* Begin PBXProject section */
		6506EC1E1C72523900208E47 /* Project object */ = {
			isa = PBXProject;
			attributes = {
				LastSwiftUpdateCheck = 0720;
				LastUpgradeCheck = 0720;
				ORGANIZATIONNAME = "Lin Wei";
				TargetAttributes = {
					6506EC251C72523900208E47 = {
						CreatedOnToolsVersion = 7.2.1;
					};
					6506EC3C1C72523900208E47 = {
						CreatedOnToolsVersion = 7.2.1;
						TestTargetID = 6506EC251C72523900208E47;
					};
					6506EC471C72523900208E47 = {
						CreatedOnToolsVersion = 7.2.1;
						TestTargetID = 6506EC251C72523900208E47;
					};
				};
			};
			buildConfigurationList = 6506EC211C72523900208E47 /* Build configuration list for PBXProject "ResteurantPos" */;
			compatibilityVersion = "Xcode 3.2";
			developmentRegion = English;
			hasScannedForEncodings = 0;
			knownRegions = (
				en,
				Base,
			);
			mainGroup = 6506EC1D1C72523900208E47;
			productRefGroup = 6506EC271C72523900208E47 /* Products */;
			projectDirPath = "";
			projectRoot = "";
			targets = (
				6506EC251C72523900208E47 /* ResteurantPos */,
				6506EC3C1C72523900208E47 /* ResteurantPosTests */,
				6506EC471C72523900208E47 /* ResteurantPosUITests */,
			);
		};
/* End PBXProject section */

/* Begin PBXResourcesBuildPhase section */
		6506EC241C72523900208E47 /* Resources */ = {
			isa = PBXResourcesBuildPhase;
			buildActionMask = 2147483647;
			files = (
				6506EC371C72523900208E47 /* LaunchScreen.storyboard in Resources */,
				6506EC341C72523900208E47 /* Assets.xcassets in Resources */,
				6506EC2F1C72523900208E47 /* Main.storyboard in Resources */,
			);
			runOnlyForDeploymentPostprocessing = 0;
		};
		6506EC3B1C72523900208E47 /* Resources */ = {
			isa = PBXResourcesBuildPhase;
			buildActionMask = 2147483647;
			files = (
			);
			runOnlyForDeploymentPostprocessing = 0;
		};
		6506EC461C72523900208E47 /* Resources */ = {
			isa = PBXResourcesBuildPhase;
			buildActionMask = 2147483647;
			files = (
			);
			runOnlyForDeploymentPostprocessing = 0;
		};
/* End PBXResourcesBuildPhase section */

/* Begin PBXSourcesBuildPhase section */
		6506EC221C72523900208E47 /* Sources */ = {
			isa = PBXSourcesBuildPhase;
			buildActionMask = 2147483647;
			files = (
				6506EC2A1C72523900208E47 /* AppDelegate.swift in Sources */,
				6506EC631C725B7100208E47 /* Dish.swift in Sources */,
				6506EC651C725E1800208E47 /* EditViewController.swift in Sources */,
				6506EC321C72523900208E47 /* ResteurantPos.xcdatamodeld in Sources */,
				6506EC5B1C7257FB00208E47 /* MenuTableViewController.swift in Sources */,
				6506EC621C725B7100208E47 /* Dish+CoreDataProperties.swift in Sources */,
			);
			runOnlyForDeploymentPostprocessing = 0;
		};
		6506EC391C72523900208E47 /* Sources */ = {
			isa = PBXSourcesBuildPhase;
			buildActionMask = 2147483647;
			files = (
				6506EC421C72523900208E47 /* ResteurantPosTests.swift in Sources */,
			);
			runOnlyForDeploymentPostprocessing = 0;
		};
		6506EC441C72523900208E47 /* Sources */ = {
			isa = PBXSourcesBuildPhase;
			buildActionMask = 2147483647;
			files = (
				6506EC4D1C72523900208E47 /* ResteurantPosUITests.swift in Sources */,
			);
			runOnlyForDeploymentPostprocessing = 0;
		};
/* End PBXSourcesBuildPhase section */

/* Begin PBXTargetDependency section */
		6506EC3F1C72523900208E47 /* PBXTargetDependency */ = {
			isa = PBXTargetDependency;
			target = 6506EC251C72523900208E47 /* ResteurantPos */;
			targetProxy = 6506EC3E1C72523900208E47 /* PBXContainerItemProxy */;
		};
		6506EC4A1C72523900208E47 /* PBXTargetDependency */ = {
			isa = PBXTargetDependency;
			target = 6506EC251C72523900208E47 /* ResteurantPos */;
			targetProxy = 6506EC491C72523900208E47 /* PBXContainerItemProxy */;
		};
/* End PBXTargetDependency section */

/* Begin PBXVariantGroup section */
		6506EC2D1C72523900208E47 /* Main.storyboard */ = {
			isa = PBXVariantGroup;
			children = (
				6506EC2E1C72523900208E47 /* Base */,
			);
			name = Main.storyboard;
			sourceTree = "<group>";
		};
		6506EC351C72523900208E47 /* LaunchScreen.storyboard */ = {
			isa = PBXVariantGroup;
			children = (
				6506EC361C72523900208E47 /* Base */,
			);
			name = LaunchScreen.storyboard;
			sourceTree = "<group>";
		};
/* End PBXVariantGroup section */

/* Begin XCBuildConfiguration section */
		6506EC4F1C72523900208E47 /* Debug */ = {
			isa = XCBuildConfiguration;
			buildSettings = {
				ALWAYS_SEARCH_USER_PATHS = NO;
				CLANG_CXX_LANGUAGE_STANDARD = "gnu++0x";
				CLANG_CXX_LIBRARY = "libc++";
				CLANG_ENABLE_MODULES = YES;
				CLANG_ENABLE_OBJC_ARC = YES;
				CLANG_WARN_BOOL_CONVERSION = YES;
				CLANG_WARN_CONSTANT_CONVERSION = YES;
				CLANG_WARN_DIRECT_OBJC_ISA_USAGE = YES_ERROR;
				CLANG_WARN_EMPTY_BODY = YES;
				CLANG_WARN_ENUM_CONVERSION = YES;
				CLANG_WARN_INT_CONVERSION = YES;
				CLANG_WARN_OBJC_ROOT_CLASS = YES_ERROR;
				CLANG_WARN_UNREACHABLE_CODE = YES;
				CLANG_WARN__DUPLICATE_METHOD_MATCH = YES;
				"CODE_SIGN_IDENTITY[sdk=iphoneos*]" = "iPhone Developer";
				COPY_PHASE_STRIP = NO;
				DEBUG_INFORMATION_FORMAT = dwarf;
				ENABLE_STRICT_OBJC_MSGSEND = YES;
				ENABLE_TESTABILITY = YES;
				GCC_C_LANGUAGE_STANDARD = gnu99;
				GCC_DYNAMIC_NO_PIC = NO;
				GCC_NO_COMMON_BLOCKS = YES;
				GCC_OPTIMIZATION_LEVEL = 0;
				GCC_PREPROCESSOR_DEFINITIONS = (
					"DEBUG=1",
					"$(inherited)",
				);
				GCC_WARN_64_TO_32_BIT_CONVERSION = YES;
				GCC_WARN_ABOUT_RETURN_TYPE = YES_ERROR;
				GCC_WARN_UNDECLARED_SELECTOR = YES;
				GCC_WARN_UNINITIALIZED_AUTOS = YES_AGGRESSIVE;
				GCC_WARN_UNUSED_FUNCTION = YES;
				GCC_WARN_UNUSED_VARIABLE = YES;
				IPHONEOS_DEPLOYMENT_TARGET = 9.2;
				MTL_ENABLE_DEBUG_INFO = YES;
				ONLY_ACTIVE_ARCH = YES;
				SDKROOT = iphoneos;
				SWIFT_OPTIMIZATION_LEVEL = "-Onone";
				TARGETED_DEVICE_FAMILY = "1,2";
			};
			name = Debug;
		};
		6506EC501C72523900208E47 /* Release */ = {
			isa = XCBuildConfiguration;
			buildSettings = {
				ALWAYS_SEARCH_USER_PATHS = NO;
				CLANG_CXX_LANGUAGE_STANDARD = "gnu++0x";
				CLANG_CXX_LIBRARY = "libc++";
				CLANG_ENABLE_MODULES = YES;
				CLANG_ENABLE_OBJC_ARC = YES;
				CLANG_WARN_BOOL_CONVERSION = YES;
				CLANG_WARN_CONSTANT_CONVERSION = YES;
				CLANG_WARN_DIRECT_OBJC_ISA_USAGE = YES_ERROR;
				CLANG_WARN_EMPTY_BODY = YES;
				CLANG_WARN_ENUM_CONVERSION = YES;
				CLANG_WARN_INT_CONVERSION = YES;
				CLANG_WARN_OBJC_ROOT_CLASS = YES_ERROR;
				CLANG_WARN_UNREACHABLE_CODE = YES;
				CLANG_WARN__DUPLICATE_METHOD_MATCH = YES;
				"CODE_SIGN_IDENTITY[sdk=iphoneos*]" = "iPhone Developer";
				COPY_PHASE_STRIP = NO;
				DEBUG_INFORMATION_FORMAT = "dwarf-with-dsym";
				ENABLE_NS_ASSERTIONS = NO;
				ENABLE_STRICT_OBJC_MSGSEND = YES;
				GCC_C_LANGUAGE_STANDARD = gnu99;
				GCC_NO_COMMON_BLOCKS = YES;
				GCC_WARN_64_TO_32_BIT_CONVERSION = YES;
				GCC_WARN_ABOUT_RETURN_TYPE = YES_ERROR;
				GCC_WARN_UNDECLARED_SELECTOR = YES;
				GCC_WARN_UNINITIALIZED_AUTOS = YES_AGGRESSIVE;
				GCC_WARN_UNUSED_FUNCTION = YES;
				GCC_WARN_UNUSED_VARIABLE = YES;
				IPHONEOS_DEPLOYMENT_TARGET = 9.2;
				MTL_ENABLE_DEBUG_INFO = NO;
				SDKROOT = iphoneos;
				TARGETED_DEVICE_FAMILY = "1,2";
				VALIDATE_PRODUCT = YES;
			};
			name = Release;
		};
		6506EC521C72523900208E47 /* Debug */ = {
			isa = XCBuildConfiguration;
			buildSettings = {
				ASSETCATALOG_COMPILER_APPICON_NAME = AppIcon;
				INFOPLIST_FILE = ResteurantPos/Info.plist;
				LD_RUNPATH_SEARCH_PATHS = "$(inherited) @executable_path/Frameworks";
				PRODUCT_BUNDLE_IDENTIFIER = company.ResteurantPos;
				PRODUCT_NAME = "$(TARGET_NAME)";
			};
			name = Debug;
		};
		6506EC531C72523900208E47 /* Release */ = {
			isa = XCBuildConfiguration;
			buildSettings = {
				ASSETCATALOG_COMPILER_APPICON_NAME = AppIcon;
				INFOPLIST_FILE = ResteurantPos/Info.plist;
				LD_RUNPATH_SEARCH_PATHS = "$(inherited) @executable_path/Frameworks";
				PRODUCT_BUNDLE_IDENTIFIER = company.ResteurantPos;
				PRODUCT_NAME = "$(TARGET_NAME)";
			};
			name = Release;
		};
		6506EC551C72523900208E47 /* Debug */ = {
			isa = XCBuildConfiguration;
			buildSettings = {
				BUNDLE_LOADER = "$(TEST_HOST)";
				INFOPLIST_FILE = ResteurantPosTests/Info.plist;
				LD_RUNPATH_SEARCH_PATHS = "$(inherited) @executable_path/Frameworks @loader_path/Frameworks";
				PRODUCT_BUNDLE_IDENTIFIER = company.ResteurantPosTests;
				PRODUCT_NAME = "$(TARGET_NAME)";
				TEST_HOST = "$(BUILT_PRODUCTS_DIR)/ResteurantPos.app/ResteurantPos";
			};
			name = Debug;
		};
		6506EC561C72523900208E47 /* Release */ = {
			isa = XCBuildConfiguration;
			buildSettings = {
				BUNDLE_LOADER = "$(TEST_HOST)";
				INFOPLIST_FILE = ResteurantPosTests/Info.plist;
				LD_RUNPATH_SEARCH_PATHS = "$(inherited) @executable_path/Frameworks @loader_path/Frameworks";
				PRODUCT_BUNDLE_IDENTIFIER = company.ResteurantPosTests;
				PRODUCT_NAME = "$(TARGET_NAME)";
				TEST_HOST = "$(BUILT_PRODUCTS_DIR)/ResteurantPos.app/ResteurantPos";
			};
			name = Release;
		};
		6506EC581C72523900208E47 /* Debug */ = {
			isa = XCBuildConfiguration;
			buildSettings = {
				INFOPLIST_FILE = ResteurantPosUITests/Info.plist;
				LD_RUNPATH_SEARCH_PATHS = "$(inherited) @executable_path/Frameworks @loader_path/Frameworks";
				PRODUCT_BUNDLE_IDENTIFIER = company.ResteurantPosUITests;
				PRODUCT_NAME = "$(TARGET_NAME)";
				TEST_TARGET_NAME = ResteurantPos;
				USES_XCTRUNNER = YES;
			};
			name = Debug;
		};
		6506EC591C72523900208E47 /* Release */ = {
			isa = XCBuildConfiguration;
			buildSettings = {
				INFOPLIST_FILE = ResteurantPosUITests/Info.plist;
				LD_RUNPATH_SEARCH_PATHS = "$(inherited) @executable_path/Frameworks @loader_path/Frameworks";
				PRODUCT_BUNDLE_IDENTIFIER = company.ResteurantPosUITests;
				PRODUCT_NAME = "$(TARGET_NAME)";
				TEST_TARGET_NAME = ResteurantPos;
				USES_XCTRUNNER = YES;
			};
			name = Release;
		};
/* End XCBuildConfiguration section */

/* Begin XCConfigurationList section */
		6506EC211C72523900208E47 /* Build configuration list for PBXProject "ResteurantPos" */ = {
			isa = XCConfigurationList;
			buildConfigurations = (
				6506EC4F1C72523900208E47 /* Debug */,
				6506EC501C72523900208E47 /* Release */,
			);
			defaultConfigurationIsVisible = 0;
			defaultConfigurationName = Release;
		};
		6506EC511C72523900208E47 /* Build configuration list for PBXNativeTarget "ResteurantPos" */ = {
			isa = XCConfigurationList;
			buildConfigurations = (
				6506EC521C72523900208E47 /* Debug */,
				6506EC531C72523900208E47 /* Release */,
			);
			defaultConfigurationIsVisible = 0;
		};
		6506EC541C72523900208E47 /* Build configuration list for PBXNativeTarget "ResteurantPosTests" */ = {
			isa = XCConfigurationList;
			buildConfigurations = (
				6506EC551C72523900208E47 /* Debug */,
				6506EC561C72523900208E47 /* Release */,
			);
			defaultConfigurationIsVisible = 0;
		};
		6506EC571C72523900208E47 /* Build configuration list for PBXNativeTarget "ResteurantPosUITests" */ = {
			isa = XCConfigurationList;
			buildConfigurations = (
				6506EC581C72523900208E47 /* Debug */,
				6506EC591C72523900208E47 /* Release */,
			);
			defaultConfigurationIsVisible = 0;
		};
/* End XCConfigurationList section */

/* Begin XCVersionGroup section */
		6506EC301C72523900208E47 /* ResteurantPos.xcdatamodeld */ = {
			isa = XCVersionGroup;
			children = (
				6506EC311C72523900208E47 /* ResteurantPos.xcdatamodel */,
			);
			currentVersion = 6506EC311C72523900208E47 /* ResteurantPos.xcdatamodel */;
			path = ResteurantPos.xcdatamodeld;
			sourceTree = "<group>";
			versionGroupType = wrapper.xcdatamodel;
		};
/* End XCVersionGroup section */
	};
	rootObject = 6506EC1E1C72523900208E47 /* Project object */;
}
